
Microsoft Visual Studio Solution File, Format Version 12.00
# Visual Studio 15
VisualStudioVersion = 15.0.28306.52
MinimumVisualStudioVersion = 10.0.40219.1
Project("{2150E333-8FDC-42A3-9474-1A3956D46DE8}") = "Source", "Source", "{4134A667-06D9-4495-A8C0-FB64C16E426E}"
EndProject
Project("{2150E333-8FDC-42A3-9474-1A3956D46DE8}") = "Tests", "Tests", "{189A61DF-FCC1-480C-B1C8-5BF66633EE3D}"
EndProject
Project("{2150E333-8FDC-42A3-9474-1A3956D46DE8}") = "Core", "Core", "{04AD1D0A-7FDE-4C45-8537-EBB5A222F33F}"
EndProject
Project("{2150E333-8FDC-42A3-9474-1A3956D46DE8}") = "Infrastructure", "Infrastructure", "{4FD995C3-969B-4375-B1C1-3DF9FDF3EE43}"
EndProject
Project("{2150E333-8FDC-42A3-9474-1A3956D46DE8}") = "Presentation", "Presentation", "{892DF942-6DF9-40B7-97B3-A85DFB27FCC5}"
EndProject
Project("{9A19103F-16F7-4668-BE54-9A1E7A4F7556}") = "Webshop.Application", "Application\Webshop.Application.csproj", "{D97EF1D9-6626-4D93-ADEC-334F7730E18B}"
EndProject
Project("{9A19103F-16F7-4668-BE54-9A1E7A4F7556}") = "Webshop.Domain", "Domain\Webshop.Domain.csproj", "{DB63BD95-F274-43A1-B687-BBBFF29001E2}"
EndProject
Project("{9A19103F-16F7-4668-BE54-9A1E7A4F7556}") = "Webshop.Persistence", "Persistence\Webshop.Persistence.csproj", "{4E97151A-56E5-4BC1-857C-64CBEE12CE1A}"
EndProject
Project("{2150E333-8FDC-42A3-9474-1A3956D46DE8}") = "Unit", "Unit", "{916E1D5E-3D12-4651-B2F7-82A2CA676BFA}"
EndProject
Project("{2150E333-8FDC-42A3-9474-1A3956D46DE8}") = "Integration", "Integration", "{367B66C2-5D15-4AE3-99BD-C8AD01AA3D6E}"
EndProject
Project("{9A19103F-16F7-4668-BE54-9A1E7A4F7556}") = "Webshop.Application.Tests", "Webshop.Application.Tests\Webshop.Application.Tests.csproj", "{D185B9CF-C05B-4065-BE04-7A894FD7046B}"
EndProject
Project("{9A19103F-16F7-4668-BE54-9A1E7A4F7556}") = "Webshop.Infrastructure", "Infrastructure\Webshop.Infrastructure.csproj", "{FA0CBE8B-95C2-4114-BDC6-EBB937BAB4E8}"
EndProject
Project("{9A19103F-16F7-4668-BE54-9A1E7A4F7556}") = "WebshopAPI", "WebshopAPI\WebshopAPI.csproj", "{3D1CF52B-296B-41A4-8556-70E075A0398E}"
EndProject
Project("{2150E333-8FDC-42A3-9474-1A3956D46DE8}") = "Solution Items", "Solution Items", "{C8D33AF7-5E9D-4AA4-BA10-E1E7CE275BAD}"
	ProjectSection(SolutionItems) = preProject
		docker-compose.yml = docker-compose.yml
		Dockerfile = Dockerfile
		wait-for.sh = wait-for.sh
	EndProjectSection
EndProject
Project("{2150E333-8FDC-42A3-9474-1A3956D46DE8}") = "MySQL_Init_Script", "MySQL_Init_Script", "{6C0D6033-FFBC-42ED-A26D-70D6C57BDE0B}"
	ProjectSection(SolutionItems) = preProject
		MySQL_Init_Script\init.sql = MySQL_Init_Script\init.sql
	EndProjectSection
EndProject
Global
	GlobalSection(SolutionConfigurationPlatforms) = preSolution
		Debug|Any CPU = Debug|Any CPU
		Release|Any CPU = Release|Any CPU
	EndGlobalSection
	GlobalSection(ProjectConfigurationPlatforms) = postSolution
		{D97EF1D9-6626-4D93-ADEC-334F7730E18B}.Debug|Any CPU.ActiveCfg = Debug|Any CPU
		{D97EF1D9-6626-4D93-ADEC-334F7730E18B}.Debug|Any CPU.Build.0 = Debug|Any CPU
		{D97EF1D9-6626-4D93-ADEC-334F7730E18B}.Release|Any CPU.ActiveCfg = Release|Any CPU
		{D97EF1D9-6626-4D93-ADEC-334F7730E18B}.Release|Any CPU.Build.0 = Release|Any CPU
		{DB63BD95-F274-43A1-B687-BBBFF29001E2}.Debug|Any CPU.ActiveCfg = Debug|Any CPU
		{DB63BD95-F274-43A1-B687-BBBFF29001E2}.Debug|Any CPU.Build.0 = Debug|Any CPU
		{DB63BD95-F274-43A1-B687-BBBFF29001E2}.Release|Any CPU.ActiveCfg = Release|Any CPU
		{DB63BD95-F274-43A1-B687-BBBFF29001E2}.Release|Any CPU.Build.0 = Release|Any CPU
		{4E97151A-56E5-4BC1-857C-64CBEE12CE1A}.Debug|Any CPU.ActiveCfg = Debug|Any CPU
		{4E97151A-56E5-4BC1-857C-64CBEE12CE1A}.Debug|Any CPU.Build.0 = Debug|Any CPU
		{4E97151A-56E5-4BC1-857C-64CBEE12CE1A}.Release|Any CPU.ActiveCfg = Release|Any CPU
		{4E97151A-56E5-4BC1-857C-64CBEE12CE1A}.Release|Any CPU.Build.0 = Release|Any CPU
		{D185B9CF-C05B-4065-BE04-7A894FD7046B}.Debug|Any CPU.ActiveCfg = Debug|Any CPU
		{D185B9CF-C05B-4065-BE04-7A894FD7046B}.Debug|Any CPU.Build.0 = Debug|Any CPU
		{D185B9CF-C05B-4065-BE04-7A894FD7046B}.Release|Any CPU.ActiveCfg = Release|Any CPU
		{D185B9CF-C05B-4065-BE04-7A894FD7046B}.Release|Any CPU.Build.0 = Release|Any CPU
		{FA0CBE8B-95C2-4114-BDC6-EBB937BAB4E8}.Debug|Any CPU.ActiveCfg = Debug|Any CPU
		{FA0CBE8B-95C2-4114-BDC6-EBB937BAB4E8}.Debug|Any CPU.Build.0 = Debug|Any CPU
		{FA0CBE8B-95C2-4114-BDC6-EBB937BAB4E8}.Release|Any CPU.ActiveCfg = Release|Any CPU
		{FA0CBE8B-95C2-4114-BDC6-EBB937BAB4E8}.Release|Any CPU.Build.0 = Release|Any CPU
		{3D1CF52B-296B-41A4-8556-70E075A0398E}.Debug|Any CPU.ActiveCfg = Debug|Any CPU
		{3D1CF52B-296B-41A4-8556-70E075A0398E}.Debug|Any CPU.Build.0 = Debug|Any CPU
		{3D1CF52B-296B-41A4-8556-70E075A0398E}.Release|Any CPU.ActiveCfg = Release|Any CPU
		{3D1CF52B-296B-41A4-8556-70E075A0398E}.Release|Any CPU.Build.0 = Release|Any CPU
	EndGlobalSection
	GlobalSection(SolutionProperties) = preSolution
		HideSolutionNode = FALSE
	EndGlobalSection
	GlobalSection(NestedProjects) = preSolution
		{4134A667-06D9-4495-A8C0-FB64C16E426E} = {C8D33AF7-5E9D-4AA4-BA10-E1E7CE275BAD}
		{189A61DF-FCC1-480C-B1C8-5BF66633EE3D} = {C8D33AF7-5E9D-4AA4-BA10-E1E7CE275BAD}
		{04AD1D0A-7FDE-4C45-8537-EBB5A222F33F} = {4134A667-06D9-4495-A8C0-FB64C16E426E}
		{4FD995C3-969B-4375-B1C1-3DF9FDF3EE43} = {4134A667-06D9-4495-A8C0-FB64C16E426E}
		{892DF942-6DF9-40B7-97B3-A85DFB27FCC5} = {4134A667-06D9-4495-A8C0-FB64C16E426E}
		{D97EF1D9-6626-4D93-ADEC-334F7730E18B} = {04AD1D0A-7FDE-4C45-8537-EBB5A222F33F}
		{DB63BD95-F274-43A1-B687-BBBFF29001E2} = {04AD1D0A-7FDE-4C45-8537-EBB5A222F33F}
		{4E97151A-56E5-4BC1-857C-64CBEE12CE1A} = {4FD995C3-969B-4375-B1C1-3DF9FDF3EE43}
		{916E1D5E-3D12-4651-B2F7-82A2CA676BFA} = {189A61DF-FCC1-480C-B1C8-5BF66633EE3D}
		{367B66C2-5D15-4AE3-99BD-C8AD01AA3D6E} = {189A61DF-FCC1-480C-B1C8-5BF66633EE3D}
		{D185B9CF-C05B-4065-BE04-7A894FD7046B} = {916E1D5E-3D12-4651-B2F7-82A2CA676BFA}
		{FA0CBE8B-95C2-4114-BDC6-EBB937BAB4E8} = {4FD995C3-969B-4375-B1C1-3DF9FDF3EE43}
		{3D1CF52B-296B-41A4-8556-70E075A0398E} = {892DF942-6DF9-40B7-97B3-A85DFB27FCC5}
		{6C0D6033-FFBC-42ED-A26D-70D6C57BDE0B} = {C8D33AF7-5E9D-4AA4-BA10-E1E7CE275BAD}
	EndGlobalSection
	GlobalSection(ExtensibilityGlobals) = postSolution
		SolutionGuid = {C9157DF8-06DE-4819-A31E-77DC4CE5BBC8}
	EndGlobalSection
EndGlobal
